// !$*UTF8*$!
{
	archiveVersion = 1;
	classes = {
	};
	objectVersion = 50;
	objects = {

/* Begin PBXBuildFile section */
		E112FA642474165100A6CE49 /* UITableViewExtensions.swift in Sources */ = {isa = PBXBuildFile; fileRef = E112FA632474165100A6CE49 /* UITableViewExtensions.swift */; };
		E112FA67247419C000A6CE49 /* AddMovieViewController.swift in Sources */ = {isa = PBXBuildFile; fileRef = E112FA66247419C000A6CE49 /* AddMovieViewController.swift */; };
		E112FA6A247419FF00A6CE49 /* AddMovieView.swift in Sources */ = {isa = PBXBuildFile; fileRef = E112FA69247419FF00A6CE49 /* AddMovieView.swift */; };
		E1C18C6524714A9E0079D974 /* AppDelegate.swift in Sources */ = {isa = PBXBuildFile; fileRef = E1C18C6424714A9E0079D974 /* AppDelegate.swift */; };
		E1C18C6724714A9E0079D974 /* SceneDelegate.swift in Sources */ = {isa = PBXBuildFile; fileRef = E1C18C6624714A9E0079D974 /* SceneDelegate.swift */; };
		E1C18C6924714A9E0079D974 /* HomeViewController.swift in Sources */ = {isa = PBXBuildFile; fileRef = E1C18C6824714A9E0079D974 /* HomeViewController.swift */; };
		E1C18C6E24714A9E0079D974 /* Assets.xcassets in Resources */ = {isa = PBXBuildFile; fileRef = E1C18C6D24714A9E0079D974 /* Assets.xcassets */; };
		E1C18C7124714A9E0079D974 /* LaunchScreen.storyboard in Resources */ = {isa = PBXBuildFile; fileRef = E1C18C6F24714A9E0079D974 /* LaunchScreen.storyboard */; };
		E1C18C7C24714A9E0079D974 /* InstaMoviesTests.swift in Sources */ = {isa = PBXBuildFile; fileRef = E1C18C7B24714A9E0079D974 /* InstaMoviesTests.swift */; };
		E1C18C8724714A9E0079D974 /* InstaMoviesUITests.swift in Sources */ = {isa = PBXBuildFile; fileRef = E1C18C8624714A9E0079D974 /* InstaMoviesUITests.swift */; };
		E1C18C9924714B7D0079D974 /* HomeView.swift in Sources */ = {isa = PBXBuildFile; fileRef = E1C18C9824714B7D0079D974 /* HomeView.swift */; };
		E1F9F88524714D9500069A38 /* HomeViewTableViewCell.swift in Sources */ = {isa = PBXBuildFile; fileRef = E1F9F88424714D9500069A38 /* HomeViewTableViewCell.swift */; };
		E1F9F8892471787800069A38 /* MoviesModel.swift in Sources */ = {isa = PBXBuildFile; fileRef = E1F9F8882471787800069A38 /* MoviesModel.swift */; };
		E1F9F88B247178A200069A38 /* MoviesDetailsModel.swift in Sources */ = {isa = PBXBuildFile; fileRef = E1F9F88A247178A200069A38 /* MoviesDetailsModel.swift */; };
		E1F9F890247179F100069A38 /* NetworkConstant.swift in Sources */ = {isa = PBXBuildFile; fileRef = E1F9F88F247179F100069A38 /* NetworkConstant.swift */; };
		E1F9F89224717E7A00069A38 /* UIImageExtension.swift in Sources */ = {isa = PBXBuildFile; fileRef = E1F9F89124717E7A00069A38 /* UIImageExtension.swift */; };
		E1F9F89624718A1700069A38 /* ActivityIndicator.swift in Sources */ = {isa = PBXBuildFile; fileRef = E1F9F89524718A1700069A38 /* ActivityIndicator.swift */; };
/* End PBXBuildFile section */

/* Begin PBXContainerItemProxy section */
		E1C18C7824714A9E0079D974 /* PBXContainerItemProxy */ = {
			isa = PBXContainerItemProxy;
			containerPortal = E1C18C5924714A9E0079D974 /* Project object */;
			proxyType = 1;
			remoteGlobalIDString = E1C18C6024714A9E0079D974;
			remoteInfo = InstaMovies;
		};
		E1C18C8324714A9E0079D974 /* PBXContainerItemProxy */ = {
			isa = PBXContainerItemProxy;
			containerPortal = E1C18C5924714A9E0079D974 /* Project object */;
			proxyType = 1;
			remoteGlobalIDString = E1C18C6024714A9E0079D974;
			remoteInfo = InstaMovies;
		};
/* End PBXContainerItemProxy section */

/* Begin PBXFileReference section */
		E112FA632474165100A6CE49 /* UITableViewExtensions.swift */ = {isa = PBXFileReference; lastKnownFileType = sourcecode.swift; path = UITableViewExtensions.swift; sourceTree = "<group>"; };
		E112FA66247419C000A6CE49 /* AddMovieViewController.swift */ = {isa = PBXFileReference; lastKnownFileType = sourcecode.swift; path = AddMovieViewController.swift; sourceTree = "<group>"; };
		E112FA69247419FF00A6CE49 /* AddMovieView.swift */ = {isa = PBXFileReference; lastKnownFileType = sourcecode.swift; path = AddMovieView.swift; sourceTree = "<group>"; };
		E1C18C6124714A9E0079D974 /* InstaMovies.app */ = {isa = PBXFileReference; explicitFileType = wrapper.application; includeInIndex = 0; path = InstaMovies.app; sourceTree = BUILT_PRODUCTS_DIR; };
		E1C18C6424714A9E0079D974 /* AppDelegate.swift */ = {isa = PBXFileReference; lastKnownFileType = sourcecode.swift; path = AppDelegate.swift; sourceTree = "<group>"; };
		E1C18C6624714A9E0079D974 /* SceneDelegate.swift */ = {isa = PBXFileReference; lastKnownFileType = sourcecode.swift; path = SceneDelegate.swift; sourceTree = "<group>"; };
		E1C18C6824714A9E0079D974 /* HomeViewController.swift */ = {isa = PBXFileReference; lastKnownFileType = sourcecode.swift; path = HomeViewController.swift; sourceTree = "<group>"; };
		E1C18C6D24714A9E0079D974 /* Assets.xcassets */ = {isa = PBXFileReference; lastKnownFileType = folder.assetcatalog; path = Assets.xcassets; sourceTree = "<group>"; };
		E1C18C7024714A9E0079D974 /* Base */ = {isa = PBXFileReference; lastKnownFileType = file.storyboard; name = Base; path = Base.lproj/LaunchScreen.storyboard; sourceTree = "<group>"; };
		E1C18C7224714A9E0079D974 /* Info.plist */ = {isa = PBXFileReference; lastKnownFileType = text.plist.xml; path = Info.plist; sourceTree = "<group>"; };
		E1C18C7724714A9E0079D974 /* InstaMoviesTests.xctest */ = {isa = PBXFileReference; explicitFileType = wrapper.cfbundle; includeInIndex = 0; path = InstaMoviesTests.xctest; sourceTree = BUILT_PRODUCTS_DIR; };
		E1C18C7B24714A9E0079D974 /* InstaMoviesTests.swift */ = {isa = PBXFileReference; lastKnownFileType = sourcecode.swift; path = InstaMoviesTests.swift; sourceTree = "<group>"; };
		E1C18C7D24714A9E0079D974 /* Info.plist */ = {isa = PBXFileReference; lastKnownFileType = text.plist.xml; path = Info.plist; sourceTree = "<group>"; };
		E1C18C8224714A9E0079D974 /* InstaMoviesUITests.xctest */ = {isa = PBXFileReference; explicitFileType = wrapper.cfbundle; includeInIndex = 0; path = InstaMoviesUITests.xctest; sourceTree = BUILT_PRODUCTS_DIR; };
		E1C18C8624714A9E0079D974 /* InstaMoviesUITests.swift */ = {isa = PBXFileReference; lastKnownFileType = sourcecode.swift; path = InstaMoviesUITests.swift; sourceTree = "<group>"; };
		E1C18C8824714A9E0079D974 /* Info.plist */ = {isa = PBXFileReference; lastKnownFileType = text.plist.xml; path = Info.plist; sourceTree = "<group>"; };
		E1C18C9824714B7D0079D974 /* HomeView.swift */ = {isa = PBXFileReference; lastKnownFileType = sourcecode.swift; path = HomeView.swift; sourceTree = "<group>"; };
		E1F9F88424714D9500069A38 /* HomeViewTableViewCell.swift */ = {isa = PBXFileReference; lastKnownFileType = sourcecode.swift; path = HomeViewTableViewCell.swift; sourceTree = "<group>"; };
		E1F9F8882471787800069A38 /* MoviesModel.swift */ = {isa = PBXFileReference; lastKnownFileType = sourcecode.swift; path = MoviesModel.swift; sourceTree = "<group>"; };
		E1F9F88A247178A200069A38 /* MoviesDetailsModel.swift */ = {isa = PBXFileReference; lastKnownFileType = sourcecode.swift; path = MoviesDetailsModel.swift; sourceTree = "<group>"; };
		E1F9F88F247179F100069A38 /* NetworkConstant.swift */ = {isa = PBXFileReference; lastKnownFileType = sourcecode.swift; path = NetworkConstant.swift; sourceTree = "<group>"; };
		E1F9F89124717E7A00069A38 /* UIImageExtension.swift */ = {isa = PBXFileReference; lastKnownFileType = sourcecode.swift; path = UIImageExtension.swift; sourceTree = "<group>"; };
		E1F9F89524718A1700069A38 /* ActivityIndicator.swift */ = {isa = PBXFileReference; lastKnownFileType = sourcecode.swift; path = ActivityIndicator.swift; sourceTree = "<group>"; };
/* End PBXFileReference section */

/* Begin PBXFrameworksBuildPhase section */
		E1C18C5E24714A9E0079D974 /* Frameworks */ = {
			isa = PBXFrameworksBuildPhase;
			buildActionMask = 2147483647;
			files = (
			);
			runOnlyForDeploymentPostprocessing = 0;
		};
		E1C18C7424714A9E0079D974 /* Frameworks */ = {
			isa = PBXFrameworksBuildPhase;
			buildActionMask = 2147483647;
			files = (
			);
			runOnlyForDeploymentPostprocessing = 0;
		};
		E1C18C7F24714A9E0079D974 /* Frameworks */ = {
			isa = PBXFrameworksBuildPhase;
			buildActionMask = 2147483647;
			files = (
			);
			runOnlyForDeploymentPostprocessing = 0;
		};
/* End PBXFrameworksBuildPhase section */

/* Begin PBXGroup section */
		E112FA65247419A700A6CE49 /* AddMovieViewController */ = {
			isa = PBXGroup;
			children = (
				E112FA66247419C000A6CE49 /* AddMovieViewController.swift */,
			);
			path = AddMovieViewController;
			sourceTree = "<group>";
		};
		E112FA68247419E900A6CE49 /* AddMovieView */ = {
			isa = PBXGroup;
			children = (
				E112FA69247419FF00A6CE49 /* AddMovieView.swift */,
			);
			path = AddMovieView;
			sourceTree = "<group>";
		};
		E1C18C5824714A9E0079D974 = {
			isa = PBXGroup;
			children = (
				E1C18C6324714A9E0079D974 /* InstaMovies */,
				E1C18C7A24714A9E0079D974 /* InstaMoviesTests */,
				E1C18C8524714A9E0079D974 /* InstaMoviesUITests */,
				E1C18C6224714A9E0079D974 /* Products */,
			);
			sourceTree = "<group>";
		};
		E1C18C6224714A9E0079D974 /* Products */ = {
			isa = PBXGroup;
			children = (
				E1C18C6124714A9E0079D974 /* InstaMovies.app */,
				E1C18C7724714A9E0079D974 /* InstaMoviesTests.xctest */,
				E1C18C8224714A9E0079D974 /* InstaMoviesUITests.xctest */,
			);
			name = Products;
			sourceTree = "<group>";
		};
		E1C18C6324714A9E0079D974 /* InstaMovies */ = {
			isa = PBXGroup;
			children = (
				E1F9F88D247179C500069A38 /* Helpers */,
				E1C18C9724714B3F0079D974 /* Application */,
				E1C18C9624714B390079D974 /* Model */,
				E1C18C9524714B320079D974 /* View */,
				E1C18C9424714B2A0079D974 /* Controller */,
				E1F9F8972471989C00069A38 /* Assets */,
				E1F9F898247198B700069A38 /* Others */,
			);
			path = InstaMovies;
			sourceTree = "<group>";
		};
		E1C18C7A24714A9E0079D974 /* InstaMoviesTests */ = {
			isa = PBXGroup;
			children = (
				E1C18C7B24714A9E0079D974 /* InstaMoviesTests.swift */,
				E1C18C7D24714A9E0079D974 /* Info.plist */,
			);
			path = InstaMoviesTests;
			sourceTree = "<group>";
		};
		E1C18C8524714A9E0079D974 /* InstaMoviesUITests */ = {
			isa = PBXGroup;
			children = (
				E1C18C8624714A9E0079D974 /* InstaMoviesUITests.swift */,
				E1C18C8824714A9E0079D974 /* Info.plist */,
			);
			path = InstaMoviesUITests;
			sourceTree = "<group>";
		};
		E1C18C9424714B2A0079D974 /* Controller */ = {
			isa = PBXGroup;
			children = (
				E1F9F88C247178D100069A38 /* HomeViewController */,
				E112FA65247419A700A6CE49 /* AddMovieViewController */,
			);
			path = Controller;
			sourceTree = "<group>";
		};
		E1C18C9524714B320079D974 /* View */ = {
			isa = PBXGroup;
			children = (
				E1F9F88224714D6A00069A38 /* HomeView */,
				E112FA68247419E900A6CE49 /* AddMovieView */,
			);
			path = View;
			sourceTree = "<group>";
		};
		E1C18C9624714B390079D974 /* Model */ = {
			isa = PBXGroup;
			children = (
				E1F9F8882471787800069A38 /* MoviesModel.swift */,
				E1F9F88A247178A200069A38 /* MoviesDetailsModel.swift */,
				E1F9F88F247179F100069A38 /* NetworkConstant.swift */,
			);
			path = Model;
			sourceTree = "<group>";
		};
		E1C18C9724714B3F0079D974 /* Application */ = {
			isa = PBXGroup;
			children = (
				E1C18C6424714A9E0079D974 /* AppDelegate.swift */,
				E1C18C6624714A9E0079D974 /* SceneDelegate.swift */,
			);
			path = Application;
			sourceTree = "<group>";
		};
		E1F9F88224714D6A00069A38 /* HomeView */ = {
			isa = PBXGroup;
			children = (
				E1C18C9824714B7D0079D974 /* HomeView.swift */,
				E1F9F88324714D7400069A38 /* UITableViewCell */,
			);
			path = HomeView;
			sourceTree = "<group>";
		};
		E1F9F88324714D7400069A38 /* UITableViewCell */ = {
			isa = PBXGroup;
			children = (
				E1F9F88424714D9500069A38 /* HomeViewTableViewCell.swift */,
			);
			path = UITableViewCell;
			sourceTree = "<group>";
		};
		E1F9F88C247178D100069A38 /* HomeViewController */ = {
			isa = PBXGroup;
			children = (
				E1C18C6824714A9E0079D974 /* HomeViewController.swift */,
			);
			path = HomeViewController;
			sourceTree = "<group>";
		};
		E1F9F88D247179C500069A38 /* Helpers */ = {
			isa = PBXGroup;
			children = (
				E1F9F89424718A0D00069A38 /* CustomClasses */,
				E1F9F89324718A0000069A38 /* Extensions */,
			);
			path = Helpers;
			sourceTree = "<group>";
		};
		E1F9F89324718A0000069A38 /* Extensions */ = {
			isa = PBXGroup;
			children = (
				E1F9F89124717E7A00069A38 /* UIImageExtension.swift */,
				E112FA632474165100A6CE49 /* UITableViewExtensions.swift */,
			);
			path = Extensions;
			sourceTree = "<group>";
		};
		E1F9F89424718A0D00069A38 /* CustomClasses */ = {
			isa = PBXGroup;
			children = (
				E1F9F89524718A1700069A38 /* ActivityIndicator.swift */,
			);
			path = CustomClasses;
			sourceTree = "<group>";
		};
		E1F9F8972471989C00069A38 /* Assets */ = {
			isa = PBXGroup;
			children = (
				E1C18C6D24714A9E0079D974 /* Assets.xcassets */,
				E1C18C6F24714A9E0079D974 /* LaunchScreen.storyboard */,
			);
			path = Assets;
			sourceTree = "<group>";
		};
		E1F9F898247198B700069A38 /* Others */ = {
			isa = PBXGroup;
			children = (
				E1C18C7224714A9E0079D974 /* Info.plist */,
			);
			path = Others;
			sourceTree = "<group>";
		};
/* End PBXGroup section */

/* Begin PBXNativeTarget section */
		E1C18C6024714A9E0079D974 /* InstaMovies */ = {
			isa = PBXNativeTarget;
			buildConfigurationList = E1C18C8B24714A9E0079D974 /* Build configuration list for PBXNativeTarget "InstaMovies" */;
			buildPhases = (
				E1C18C5D24714A9E0079D974 /* Sources */,
				E1C18C5E24714A9E0079D974 /* Frameworks */,
				E1C18C5F24714A9E0079D974 /* Resources */,
			);
			buildRules = (
			);
			dependencies = (
			);
			name = InstaMovies;
			productName = InstaMovies;
			productReference = E1C18C6124714A9E0079D974 /* InstaMovies.app */;
			productType = "com.apple.product-type.application";
		};
		E1C18C7624714A9E0079D974 /* InstaMoviesTests */ = {
			isa = PBXNativeTarget;
			buildConfigurationList = E1C18C8E24714A9E0079D974 /* Build configuration list for PBXNativeTarget "InstaMoviesTests" */;
			buildPhases = (
				E1C18C7324714A9E0079D974 /* Sources */,
				E1C18C7424714A9E0079D974 /* Frameworks */,
				E1C18C7524714A9E0079D974 /* Resources */,
			);
			buildRules = (
			);
			dependencies = (
				E1C18C7924714A9E0079D974 /* PBXTargetDependency */,
			);
			name = InstaMoviesTests;
			productName = InstaMoviesTests;
			productReference = E1C18C7724714A9E0079D974 /* InstaMoviesTests.xctest */;
			productType = "com.apple.product-type.bundle.unit-test";
		};
		E1C18C8124714A9E0079D974 /* InstaMoviesUITests */ = {
			isa = PBXNativeTarget;
			buildConfigurationList = E1C18C9124714A9E0079D974 /* Build configuration list for PBXNativeTarget "InstaMoviesUITests" */;
			buildPhases = (
				E1C18C7E24714A9E0079D974 /* Sources */,
				E1C18C7F24714A9E0079D974 /* Frameworks */,
				E1C18C8024714A9E0079D974 /* Resources */,
			);
			buildRules = (
			);
			dependencies = (
				E1C18C8424714A9E0079D974 /* PBXTargetDependency */,
			);
			name = InstaMoviesUITests;
			productName = InstaMoviesUITests;
			productReference = E1C18C8224714A9E0079D974 /* InstaMoviesUITests.xctest */;
			productType = "com.apple.product-type.bundle.ui-testing";
		};
/* End PBXNativeTarget section */

/* Begin PBXProject section */
		E1C18C5924714A9E0079D974 /* Project object */ = {
			isa = PBXProject;
			attributes = {
				LastSwiftUpdateCheck = 1130;
				LastUpgradeCheck = 1130;
				ORGANIZATIONNAME = "Ahmed Abd Elaziz";
				TargetAttributes = {
					E1C18C6024714A9E0079D974 = {
						CreatedOnToolsVersion = 11.3;
					};
					E1C18C7624714A9E0079D974 = {
						CreatedOnToolsVersion = 11.3;
						TestTargetID = E1C18C6024714A9E0079D974;
					};
					E1C18C8124714A9E0079D974 = {
						CreatedOnToolsVersion = 11.3;
						TestTargetID = E1C18C6024714A9E0079D974;
					};
				};
			};
			buildConfigurationList = E1C18C5C24714A9E0079D974 /* Build configuration list for PBXProject "InstaMovies" */;
			compatibilityVersion = "Xcode 9.3";
			developmentRegion = en;
			hasScannedForEncodings = 0;
			knownRegions = (
				en,
				Base,
			);
			mainGroup = E1C18C5824714A9E0079D974;
			productRefGroup = E1C18C6224714A9E0079D974 /* Products */;
			projectDirPath = "";
			projectRoot = "";
			targets = (
				E1C18C6024714A9E0079D974 /* InstaMovies */,
				E1C18C7624714A9E0079D974 /* InstaMoviesTests */,
				E1C18C8124714A9E0079D974 /* InstaMoviesUITests */,
			);
		};
/* End PBXProject section */

/* Begin PBXResourcesBuildPhase section */
		E1C18C5F24714A9E0079D974 /* Resources */ = {
			isa = PBXResourcesBuildPhase;
			buildActionMask = 2147483647;
			files = (
				E1C18C7124714A9E0079D974 /* LaunchScreen.storyboard in Resources */,
				E1C18C6E24714A9E0079D974 /* Assets.xcassets in Resources */,
			);
			runOnlyForDeploymentPostprocessing = 0;
		};
		E1C18C7524714A9E0079D974 /* Resources */ = {
			isa = PBXResourcesBuildPhase;
			buildActionMask = 2147483647;
			files = (
			);
			runOnlyForDeploymentPostprocessing = 0;
		};
		E1C18C8024714A9E0079D974 /* Resources */ = {
			isa = PBXResourcesBuildPhase;
			buildActionMask = 2147483647;
			files = (
			);
			runOnlyForDeploymentPostprocessing = 0;
		};
/* End PBXResourcesBuildPhase section */

/* Begin PBXSourcesBuildPhase section */
		E1C18C5D24714A9E0079D974 /* Sources */ = {
			isa = PBXSourcesBuildPhase;
			buildActionMask = 2147483647;
			files = (
				E1C18C6924714A9E0079D974 /* HomeViewController.swift in Sources */,
				E1C18C9924714B7D0079D974 /* HomeView.swift in Sources */,
				E112FA642474165100A6CE49 /* UITableViewExtensions.swift in Sources */,
				E1F9F89224717E7A00069A38 /* UIImageExtension.swift in Sources */,
				E112FA6A247419FF00A6CE49 /* AddMovieView.swift in Sources */,
				E1F9F8892471787800069A38 /* MoviesModel.swift in Sources */,
				E1C18C6524714A9E0079D974 /* AppDelegate.swift in Sources */,
				E1F9F88524714D9500069A38 /* HomeViewTableViewCell.swift in Sources */,
				E1F9F89624718A1700069A38 /* ActivityIndicator.swift in Sources */,
				E1F9F88B247178A200069A38 /* MoviesDetailsModel.swift in Sources */,
				E1F9F890247179F100069A38 /* NetworkConstant.swift in Sources */,
				E1C18C6724714A9E0079D974 /* SceneDelegate.swift in Sources */,
				E112FA67247419C000A6CE49 /* AddMovieViewController.swift in Sources */,
			);
			runOnlyForDeploymentPostprocessing = 0;
		};
		E1C18C7324714A9E0079D974 /* Sources */ = {
			isa = PBXSourcesBuildPhase;
			buildActionMask = 2147483647;
			files = (
				E1C18C7C24714A9E0079D974 /* InstaMoviesTests.swift in Sources */,
			);
			runOnlyForDeploymentPostprocessing = 0;
		};
		E1C18C7E24714A9E0079D974 /* Sources */ = {
			isa = PBXSourcesBuildPhase;
			buildActionMask = 2147483647;
			files = (
				E1C18C8724714A9E0079D974 /* InstaMoviesUITests.swift in Sources */,
			);
			runOnlyForDeploymentPostprocessing = 0;
		};
/* End PBXSourcesBuildPhase section */

/* Begin PBXTargetDependency section */
		E1C18C7924714A9E0079D974 /* PBXTargetDependency */ = {
			isa = PBXTargetDependency;
			target = E1C18C6024714A9E0079D974 /* InstaMovies */;
			targetProxy = E1C18C7824714A9E0079D974 /* PBXContainerItemProxy */;
		};
		E1C18C8424714A9E0079D974 /* PBXTargetDependency */ = {
			isa = PBXTargetDependency;
			target = E1C18C6024714A9E0079D974 /* InstaMovies */;
			targetProxy = E1C18C8324714A9E0079D974 /* PBXContainerItemProxy */;
		};
/* End PBXTargetDependency section */

/* Begin PBXVariantGroup section */
		E1C18C6F24714A9E0079D974 /* LaunchScreen.storyboard */ = {
			isa = PBXVariantGroup;
			children = (
				E1C18C7024714A9E0079D974 /* Base */,
			);
			name = LaunchScreen.storyboard;
			sourceTree = "<group>";
		};
/* End PBXVariantGroup section */

/* Begin XCBuildConfiguration section */
		E1C18C8924714A9E0079D974 /* Debug */ = {
			isa = XCBuildConfiguration;
			buildSettings = {
				ALWAYS_SEARCH_USER_PATHS = NO;
				CLANG_ANALYZER_NONNULL = YES;
				CLANG_ANALYZER_NUMBER_OBJECT_CONVERSION = YES_AGGRESSIVE;
				CLANG_CXX_LANGUAGE_STANDARD = "gnu++14";
				CLANG_CXX_LIBRARY = "libc++";
				CLANG_ENABLE_MODULES = YES;
				CLANG_ENABLE_OBJC_ARC = YES;
				CLANG_ENABLE_OBJC_WEAK = YES;
				CLANG_WARN_BLOCK_CAPTURE_AUTORELEASING = YES;
				CLANG_WARN_BOOL_CONVERSION = YES;
				CLANG_WARN_COMMA = YES;
				CLANG_WARN_CONSTANT_CONVERSION = YES;
				CLANG_WARN_DEPRECATED_OBJC_IMPLEMENTATIONS = YES;
				CLANG_WARN_DIRECT_OBJC_ISA_USAGE = YES_ERROR;
				CLANG_WARN_DOCUMENTATION_COMMENTS = YES;
				CLANG_WARN_EMPTY_BODY = YES;
				CLANG_WARN_ENUM_CONVERSION = YES;
				CLANG_WARN_INFINITE_RECURSION = YES;
				CLANG_WARN_INT_CONVERSION = YES;
				CLANG_WARN_NON_LITERAL_NULL_CONVERSION = YES;
				CLANG_WARN_OBJC_IMPLICIT_RETAIN_SELF = YES;
				CLANG_WARN_OBJC_LITERAL_CONVERSION = YES;
				CLANG_WARN_OBJC_ROOT_CLASS = YES_ERROR;
				CLANG_WARN_RANGE_LOOP_ANALYSIS = YES;
				CLANG_WARN_STRICT_PROTOTYPES = YES;
				CLANG_WARN_SUSPICIOUS_MOVE = YES;
				CLANG_WARN_UNGUARDED_AVAILABILITY = YES_AGGRESSIVE;
				CLANG_WARN_UNREACHABLE_CODE = YES;
				CLANG_WARN__DUPLICATE_METHOD_MATCH = YES;
				COPY_PHASE_STRIP = NO;
				DEBUG_INFORMATION_FORMAT = dwarf;
				ENABLE_STRICT_OBJC_MSGSEND = YES;
				ENABLE_TESTABILITY = YES;
				GCC_C_LANGUAGE_STANDARD = gnu11;
				GCC_DYNAMIC_NO_PIC = NO;
				GCC_NO_COMMON_BLOCKS = YES;
				GCC_OPTIMIZATION_LEVEL = 0;
				GCC_PREPROCESSOR_DEFINITIONS = (
					"DEBUG=1",
					"$(inherited)",
				);
				GCC_WARN_64_TO_32_BIT_CONVERSION = YES;
				GCC_WARN_ABOUT_RETURN_TYPE = YES_ERROR;
				GCC_WARN_UNDECLARED_SELECTOR = YES;
				GCC_WARN_UNINITIALIZED_AUTOS = YES_AGGRESSIVE;
				GCC_WARN_UNUSED_FUNCTION = YES;
				GCC_WARN_UNUSED_VARIABLE = YES;
				IPHONEOS_DEPLOYMENT_TARGET = 13.2;
				MTL_ENABLE_DEBUG_INFO = INCLUDE_SOURCE;
				MTL_FAST_MATH = YES;
				ONLY_ACTIVE_ARCH = YES;
				SDKROOT = iphoneos;
				SWIFT_ACTIVE_COMPILATION_CONDITIONS = DEBUG;
				SWIFT_OPTIMIZATION_LEVEL = "-Onone";
			};
			name = Debug;
		};
		E1C18C8A24714A9E0079D974 /* Release */ = {
			isa = XCBuildConfiguration;
			buildSettings = {
				ALWAYS_SEARCH_USER_PATHS = NO;
				CLANG_ANALYZER_NONNULL = YES;
				CLANG_ANALYZER_NUMBER_OBJECT_CONVERSION = YES_AGGRESSIVE;
				CLANG_CXX_LANGUAGE_STANDARD = "gnu++14";
				CLANG_CXX_LIBRARY = "libc++";
				CLANG_ENABLE_MODULES = YES;
				CLANG_ENABLE_OBJC_ARC = YES;
				CLANG_ENABLE_OBJC_WEAK = YES;
				CLANG_WARN_BLOCK_CAPTURE_AUTORELEASING = YES;
				CLANG_WARN_BOOL_CONVERSION = YES;
				CLANG_WARN_COMMA = YES;
				CLANG_WARN_CONSTANT_CONVERSION = YES;
				CLANG_WARN_DEPRECATED_OBJC_IMPLEMENTATIONS = YES;
				CLANG_WARN_DIRECT_OBJC_ISA_USAGE = YES_ERROR;
				CLANG_WARN_DOCUMENTATION_COMMENTS = YES;
				CLANG_WARN_EMPTY_BODY = YES;
				CLANG_WARN_ENUM_CONVERSION = YES;
				CLANG_WARN_INFINITE_RECURSION = YES;
				CLANG_WARN_INT_CONVERSION = YES;
				CLANG_WARN_NON_LITERAL_NULL_CONVERSION = YES;
				CLANG_WARN_OBJC_IMPLICIT_RETAIN_SELF = YES;
				CLANG_WARN_OBJC_LITERAL_CONVERSION = YES;
				CLANG_WARN_OBJC_ROOT_CLASS = YES_ERROR;
				CLANG_WARN_RANGE_LOOP_ANALYSIS = YES;
				CLANG_WARN_STRICT_PROTOTYPES = YES;
				CLANG_WARN_SUSPICIOUS_MOVE = YES;
				CLANG_WARN_UNGUARDED_AVAILABILITY = YES_AGGRESSIVE;
				CLANG_WARN_UNREACHABLE_CODE = YES;
				CLANG_WARN__DUPLICATE_METHOD_MATCH = YES;
				COPY_PHASE_STRIP = NO;
				DEBUG_INFORMATION_FORMAT = "dwarf-with-dsym";
				ENABLE_NS_ASSERTIONS = NO;
				ENABLE_STRICT_OBJC_MSGSEND = YES;
				GCC_C_LANGUAGE_STANDARD = gnu11;
				GCC_NO_COMMON_BLOCKS = YES;
				GCC_WARN_64_TO_32_BIT_CONVERSION = YES;
				GCC_WARN_ABOUT_RETURN_TYPE = YES_ERROR;
				GCC_WARN_UNDECLARED_SELECTOR = YES;
				GCC_WARN_UNINITIALIZED_AUTOS = YES_AGGRESSIVE;
				GCC_WARN_UNUSED_FUNCTION = YES;
				GCC_WARN_UNUSED_VARIABLE = YES;
				IPHONEOS_DEPLOYMENT_TARGET = 13.2;
				MTL_ENABLE_DEBUG_INFO = NO;
				MTL_FAST_MATH = YES;
				SDKROOT = iphoneos;
				SWIFT_COMPILATION_MODE = wholemodule;
				SWIFT_OPTIMIZATION_LEVEL = "-O";
				VALIDATE_PRODUCT = YES;
			};
			name = Release;
		};
		E1C18C8C24714A9E0079D974 /* Debug */ = {
			isa = XCBuildConfiguration;
			buildSettings = {
				ASSETCATALOG_COMPILER_APPICON_NAME = AppIcon;
				CODE_SIGN_STYLE = Automatic;
				DEVELOPMENT_TEAM = 57RA7SGH3Y;
				INFOPLIST_FILE = InstaMovies/Others/Info.plist;
				LD_RUNPATH_SEARCH_PATHS = (
					"$(inherited)",
					"@executable_path/Frameworks",
				);
				PRODUCT_BUNDLE_IDENTIFIER = com.instabug.InstaMovies;
				PRODUCT_NAME = "$(TARGET_NAME)";
				SWIFT_VERSION = 5.0;
				TARGETED_DEVICE_FAMILY = 1;
			};
			name = Debug;
		};
		E1C18C8D24714A9E0079D974 /* Release */ = {
			isa = XCBuildConfiguration;
			buildSettings = {
				ASSETCATALOG_COMPILER_APPICON_NAME = AppIcon;
				CODE_SIGN_STYLE = Automatic;
				DEVELOPMENT_TEAM = 57RA7SGH3Y;
				INFOPLIST_FILE = InstaMovies/Others/Info.plist;
				LD_RUNPATH_SEARCH_PATHS = (
					"$(inherited)",
					"@executable_path/Frameworks",
				);
				PRODUCT_BUNDLE_IDENTIFIER = com.instabug.InstaMovies;
				PRODUCT_NAME = "$(TARGET_NAME)";
				SWIFT_VERSION = 5.0;
				TARGETED_DEVICE_FAMILY = 1;
			};
			name = Release;
		};
		E1C18C8F24714A9E0079D974 /* Debug */ = {
			isa = XCBuildConfiguration;
			buildSettings = {
				ALWAYS_EMBED_SWIFT_STANDARD_LIBRARIES = YES;
				BUNDLE_LOADER = "$(TEST_HOST)";
				CODE_SIGN_STYLE = Automatic;
				DEVELOPMENT_TEAM = 57RA7SGH3Y;
				INFOPLIST_FILE = InstaMoviesTests/Info.plist;
				IPHONEOS_DEPLOYMENT_TARGET = 13.2;
				LD_RUNPATH_SEARCH_PATHS = (
					"$(inherited)",
					"@executable_path/Frameworks",
					"@loader_path/Frameworks",
				);
				PRODUCT_BUNDLE_IDENTIFIER = com.instabug.InstaMoviesTests;
				PRODUCT_NAME = "$(TARGET_NAME)";
				SWIFT_VERSION = 5.0;
				TARGETED_DEVICE_FAMILY = "1,2";
				TEST_HOST = "$(BUILT_PRODUCTS_DIR)/InstaMovies.app/InstaMovies";
			};
			name = Debug;
		};
		E1C18C9024714A9E0079D974 /* Release */ = {
			isa = XCBuildConfiguration;
			buildSettings = {
				ALWAYS_EMBED_SWIFT_STANDARD_LIBRARIES = YES;
				BUNDLE_LOADER = "$(TEST_HOST)";
				CODE_SIGN_STYLE = Automatic;
				DEVELOPMENT_TEAM = 57RA7SGH3Y;
				INFOPLIST_FILE = InstaMoviesTests/Info.plist;
				IPHONEOS_DEPLOYMENT_TARGET = 13.2;
				LD_RUNPATH_SEARCH_PATHS = (
					"$(inherited)",
					"@executable_path/Frameworks",
					"@loader_path/Frameworks",
				);
				PRODUCT_BUNDLE_IDENTIFIER = com.instabug.InstaMoviesTests;
				PRODUCT_NAME = "$(TARGET_NAME)";
				SWIFT_VERSION = 5.0;
				TARGETED_DEVICE_FAMILY = "1,2";
				TEST_HOST = "$(BUILT_PRODUCTS_DIR)/InstaMovies.app/InstaMovies";
			};
			name = Release;
		};
		E1C18C9224714A9E0079D974 /* Debug */ = {
			isa = XCBuildConfiguration;
			buildSettings = {
				ALWAYS_EMBED_SWIFT_STANDARD_LIBRARIES = YES;
				CODE_SIGN_STYLE = Automatic;
				DEVELOPMENT_TEAM = 57RA7SGH3Y;
				INFOPLIST_FILE = InstaMoviesUITests/Info.plist;
				LD_RUNPATH_SEARCH_PATHS = (
					"$(inherited)",
					"@executable_path/Frameworks",
					"@loader_path/Frameworks",
				);
				PRODUCT_BUNDLE_IDENTIFIER = com.instabug.InstaMoviesUITests;
				PRODUCT_NAME = "$(TARGET_NAME)";
				SWIFT_VERSION = 5.0;
				TARGETED_DEVICE_FAMILY = "1,2";
				TEST_TARGET_NAME = InstaMovies;
			};
			name = Debug;
		};
		E1C18C9324714A9E0079D974 /* Release */ = {
			isa = XCBuildConfiguration;
			buildSettings = {
				ALWAYS_EMBED_SWIFT_STANDARD_LIBRARIES = YES;
				CODE_SIGN_STYLE = Automatic;
				DEVELOPMENT_TEAM = 57RA7SGH3Y;
				INFOPLIST_FILE = InstaMoviesUITests/Info.plist;
				LD_RUNPATH_SEARCH_PATHS = (
					"$(inherited)",
					"@executable_path/Frameworks",
					"@loader_path/Frameworks",
				);
				PRODUCT_BUNDLE_IDENTIFIER = com.instabug.InstaMoviesUITests;
				PRODUCT_NAME = "$(TARGET_NAME)";
				SWIFT_VERSION = 5.0;
				TARGETED_DEVICE_FAMILY = "1,2";
				TEST_TARGET_NAME = InstaMovies;
			};
			name = Release;
		};
/* End XCBuildConfiguration section */

/* Begin XCConfigurationList section */
		E1C18C5C24714A9E0079D974 /* Build configuration list for PBXProject "InstaMovies" */ = {
			isa = XCConfigurationList;
			buildConfigurations = (
				E1C18C8924714A9E0079D974 /* Debug */,
				E1C18C8A24714A9E0079D974 /* Release */,
			);
			defaultConfigurationIsVisible = 0;
			defaultConfigurationName = Release;
		};
		E1C18C8B24714A9E0079D974 /* Build configuration list for PBXNativeTarget "InstaMovies" */ = {
			isa = XCConfigurationList;
			buildConfigurations = (
				E1C18C8C24714A9E0079D974 /* Debug */,
				E1C18C8D24714A9E0079D974 /* Release */,
			);
			defaultConfigurationIsVisible = 0;
			defaultConfigurationName = Release;
		};
		E1C18C8E24714A9E0079D974 /* Build configuration list for PBXNativeTarget "InstaMoviesTests" */ = {
			isa = XCConfigurationList;
			buildConfigurations = (
				E1C18C8F24714A9E0079D974 /* Debug */,
				E1C18C9024714A9E0079D974 /* Release */,
			);
			defaultConfigurationIsVisible = 0;
			defaultConfigurationName = Release;
		};
		E1C18C9124714A9E0079D974 /* Build configuration list for PBXNativeTarget "InstaMoviesUITests" */ = {
			isa = XCConfigurationList;
			buildConfigurations = (
				E1C18C9224714A9E0079D974 /* Debug */,
				E1C18C9324714A9E0079D974 /* Release */,
			);
			defaultConfigurationIsVisible = 0;
			defaultConfigurationName = Release;
		};
/* End XCConfigurationList section */
	};
	rootObject = E1C18C5924714A9E0079D974 /* Project object */;
}
